lockfileVersion: '9.0'

settings:
  autoInstallPeers: true
  excludeLinksFromLockfile: false

importers:

  .:
    dependencies:
      alpinejs:
        specifier: ^3.13.10
        version: 3.13.10

packages:

  '@vue/reactivity@3.1.5':
    resolution: {integrity: sha512-1tdfLmNjWG6t/CsPldh+foumYFo3cpyCHgBYQ34ylaMsJ+SNHQ1kApMIa8jN+i593zQuaw3AdWH0nJTARzCFhg==}

  '@vue/shared@3.1.5':
    resolution: {integrity: sha512-oJ4F3TnvpXaQwZJNF3ZK+kLPHKarDmJjJ6jyzVNDKH9md1dptjC7lWR//jrGuLdek/U6iltWxqAnYOu8gCiOvA==}

  alpinejs@3.13.10:
    resolution: {integrity: sha512-86RB307VWICex0vG15Eq0x058cNNsvS57ohrjN6n/TJAVSFV+zXOK/E34nNHDHc6Poq+yTNCLqEzPqEkRBTMRQ==}

snapshots:

  '@vue/reactivity@3.1.5':
    dependencies:
      '@vue/shared': 3.1.5

  '@vue/shared@3.1.5': {}

  alpinejs@3.13.10:
    dependencies:
      '@vue/reactivity': 3.1.5
